Microsoft Visual Studio Solution File, Format Version 12.00
# Visual Studio Version 17
VisualStudioVersion = 17.5.2.0
MinimumVisualStudioVersion = 10.0.40219.1
Project("{FAE04EC0-301F-11D3-BF4B-00C04F79EFBC}") = "appint-dotnet-sample", "appint-dotnet-sample.csproj", "{19A991B1-E989-AA6A-081D-390D6DBA4830}"
EndProject
Global
	GlobalSection(SolutionConfigurationPlatforms) = preSolution
		Debug|Any CPU = Debug|Any CPU
		Release|Any CPU = Release|Any CPU
	EndGlobalSection
	GlobalSection(ProjectConfigurationPlatforms) = postSolution
		{19A991B1-E989-AA6A-081D-390D6DBA4830}.Debug|Any CPU.ActiveCfg = Debug|Any CPU
		{19A991B1-E989-AA6A-081D-390D6DBA4830}.Debug|Any CPU.Build.0 = Debug|Any CPU
		{19A991B1-E989-AA6A-081D-390D6DBA4830}.Release|Any CPU.ActiveCfg = Release|Any CPU
		{19A991B1-E989-AA6A-081D-390D6DBA4830}.Release|Any CPU.Build.0 = Release|Any CPU
	EndGlobalSection
	GlobalSection(SolutionProperties) = preSolution
		HideSolutionNode = FALSE
	EndGlobalSection
	GlobalSection(ExtensibilityGlobals) = postSolution
		SolutionGuid = {D9407364-9C11-4A3E-92E1-387901C56D9C}
	EndGlobalSection
EndGlobal
